
Microsoft Visual Studio Solution File, Format Version 12.00
# Visual Studio Version 17
VisualStudioVersion = 17.8.34330.188
MinimumVisualStudioVersion = 10.0.40219.1
Project("{FAE04EC0-301F-11D3-BF4B-00C04F79EFBC}") = "TASKHEROAPI.Server", "TASKHEROAPI.Server\TASKHEROAPI.Server.csproj", "{5D8A4A55-99B5-4B5B-8F21-CA6B3BD002BF}"
EndProject
Project("{54A90642-561A-4BB1-A94E-469ADEE60C69}") = "taskheroapi.client", "taskheroapi.client\taskheroapi.client.esproj", "{CFD0012D-24D1-4D5D-B004-3F2C878559CF}"
EndProject
Global
	GlobalSection(SolutionConfigurationPlatforms) = preSolution
		Debug|Any CPU = Debug|Any CPU
		Release|Any CPU = Release|Any CPU
	EndGlobalSection
	GlobalSection(ProjectConfigurationPlatforms) = postSolution
		{5D8A4A55-99B5-4B5B-8F21-CA6B3BD002BF}.Debug|Any CPU.ActiveCfg = Debug|Any CPU
		{5D8A4A55-99B5-4B5B-8F21-CA6B3BD002BF}.Debug|Any CPU.Build.0 = Debug|Any CPU
		{5D8A4A55-99B5-4B5B-8F21-CA6B3BD002BF}.Release|Any CPU.ActiveCfg = Release|Any CPU
		{5D8A4A55-99B5-4B5B-8F21-CA6B3BD002BF}.Release|Any CPU.Build.0 = Release|Any CPU
		{CFD0012D-24D1-4D5D-B004-3F2C878559CF}.Debug|Any CPU.ActiveCfg = Debug|Any CPU
		{CFD0012D-24D1-4D5D-B004-3F2C878559CF}.Debug|Any CPU.Build.0 = Debug|Any CPU
		{CFD0012D-24D1-4D5D-B004-3F2C878559CF}.Debug|Any CPU.Deploy.0 = Debug|Any CPU
		{CFD0012D-24D1-4D5D-B004-3F2C878559CF}.Release|Any CPU.ActiveCfg = Release|Any CPU
		{CFD0012D-24D1-4D5D-B004-3F2C878559CF}.Release|Any CPU.Build.0 = Release|Any CPU
		{CFD0012D-24D1-4D5D-B004-3F2C878559CF}.Release|Any CPU.Deploy.0 = Release|Any CPU
	EndGlobalSection
	GlobalSection(SolutionProperties) = preSolution
		HideSolutionNode = FALSE
	EndGlobalSection
	GlobalSection(ExtensibilityGlobals) = postSolution
		SolutionGuid = {D14F18D1-4052-4D7D-80E7-8C5B9B7A82E9}
	EndGlobalSection
EndGlobal
